// !$*UTF8*$!
{
	archiveVersion = 1;
	classes = {
	};
	objectVersion = 56;
	objects = {

/* Begin PBXFileReference section */
		FBDD8C4219398527AA94B03C /* SovereignMacApp.swift */ = {isa = PBXFileReference; lastKnownFileType = sourcecode.swift; path = SovereignMacApp.swift; sourceTree = "<group>";};
		94CAA548E93BCD9D475B77FA /* CoreImport/AppleHealthExportParser.swift */ = {isa = PBXFileReference; lastKnownFileType = sourcecode.swift; path = CoreImport/AppleHealthExportParser.swift; sourceTree = "<group>";};
		4C4C61E90E4F0A6997E2FA5D /* CoreImport/AppleHealthZipImporter.swift */ = {isa = PBXFileReference; lastKnownFileType = sourcecode.swift; path = CoreImport/AppleHealthZipImporter.swift; sourceTree = "<group>";};
		23BD9804A4D94328015677E1 /* CoreImport/HealthDataNormalizer.swift */ = {isa = PBXFileReference; lastKnownFileType = sourcecode.swift; path = CoreImport/HealthDataNormalizer.swift; sourceTree = "<group>";};
		C12F3443B6E45F32ED50C84A /* CoreImport/HealthImportService.swift */ = {isa = PBXFileReference; lastKnownFileType = sourcecode.swift; path = CoreImport/HealthImportService.swift; sourceTree = "<group>";};
		C4FEB0B11DBC43195A7C55A3 /* CoreImport/HealthUnitNormalizer.swift */ = {isa = PBXFileReference; lastKnownFileType = sourcecode.swift; path = CoreImport/HealthUnitNormalizer.swift; sourceTree = "<group>";};
		9DB9E0AA26CA1FDC4DAB9021 /* CoreImport/ImportCoordinator.swift */ = {isa = PBXFileReference; lastKnownFileType = sourcecode.swift; path = CoreImport/ImportCoordinator.swift; sourceTree = "<group>";};
		7397BA52CC99545B92A1D46A /* DesignSystem/AppColor.swift */ = {isa = PBXFileReference; lastKnownFileType = sourcecode.swift; path = DesignSystem/AppColor.swift; sourceTree = "<group>";};
		A8962C5E2B78B64EE6A45768 /* DesignSystem/AppSpacing.swift */ = {isa = PBXFileReference; lastKnownFileType = sourcecode.swift; path = DesignSystem/AppSpacing.swift; sourceTree = "<group>";};
		56B4981CD036EF502C3EACA2 /* DesignSystem/AppTypography.swift */ = {isa = PBXFileReference; lastKnownFileType = sourcecode.swift; path = DesignSystem/AppTypography.swift; sourceTree = "<group>";};
		7AAF414A39AECA53BDB2F23C /* DesignSystem/CardView.swift */ = {isa = PBXFileReference; lastKnownFileType = sourcecode.swift; path = DesignSystem/CardView.swift; sourceTree = "<group>";};
		AE9F17C41FB4A745D6A06ED1 /* DesignSystem/EmptyStateView.swift */ = {isa = PBXFileReference; lastKnownFileType = sourcecode.swift; path = DesignSystem/EmptyStateView.swift; sourceTree = "<group>";};
		9016FC316341C673DF3D6190 /* DesignSystem/GlassPanel.swift */ = {isa = PBXFileReference; lastKnownFileType = sourcecode.swift; path = DesignSystem/GlassPanel.swift; sourceTree = "<group>";};
		1CB218614AB61B1FFBBA54A2 /* CoreServices/DailySummaryBuilder.swift */ = {isa = PBXFileReference; lastKnownFileType = sourcecode.swift; path = CoreServices/DailySummaryBuilder.swift; sourceTree = "<group>";};
		55D66F589EEBC59AD3B47858 /* CoreServices/DeepSeekClient.swift */ = {isa = PBXFileReference; lastKnownFileType = sourcecode.swift; path = CoreServices/DeepSeekClient.swift; sourceTree = "<group>";};
		D89D50B21B94362011293069 /* CoreServices/HealthAnalyticsEngine.swift */ = {isa = PBXFileReference; lastKnownFileType = sourcecode.swift; path = CoreServices/HealthAnalyticsEngine.swift; sourceTree = "<group>";};
		0594558865C417090C6C64E9 /* CoreServices/HealthContextBuilder.swift */ = {isa = PBXFileReference; lastKnownFileType = sourcecode.swift; path = CoreServices/HealthContextBuilder.swift; sourceTree = "<group>";};
		BACA96C22FF07A2E93A873A2 /* CoreServices/HealthPromptBuilder.swift */ = {isa = PBXFileReference; lastKnownFileType = sourcecode.swift; path = CoreServices/HealthPromptBuilder.swift; sourceTree = "<group>";};
		F425E10BFCA58257D493FA05 /* CoreServices/HealthSafetyGuard.swift */ = {isa = PBXFileReference; lastKnownFileType = sourcecode.swift; path = CoreServices/HealthSafetyGuard.swift; sourceTree = "<group>";};
		067E8E679CFA8C48BBB8338A /* CoreServices/KeychainService.swift */ = {isa = PBXFileReference; lastKnownFileType = sourcecode.swift; path = CoreServices/KeychainService.swift; sourceTree = "<group>";};
		8E9BD89DD50D8451D04DEE20 /* CoreServices/LocalRuleAIService.swift */ = {isa = PBXFileReference; lastKnownFileType = sourcecode.swift; path = CoreServices/LocalRuleAIService.swift; sourceTree = "<group>";};
		CCDC0BCC8DF727C0A2E277FC /* CoreServices/PersonalHealthProfileBuilder.swift */ = {isa = PBXFileReference; lastKnownFileType = sourcecode.swift; path = CoreServices/PersonalHealthProfileBuilder.swift; sourceTree = "<group>";};
		8FC93F90119A8407BB563F29 /* CoreServices/RecoveryAnalyzer.swift */ = {isa = PBXFileReference; lastKnownFileType = sourcecode.swift; path = CoreServices/RecoveryAnalyzer.swift; sourceTree = "<group>";};
		0A4FB4F90547EEF26F513231 /* CoreServices/ReportGenerationService.swift */ = {isa = PBXFileReference; lastKnownFileType = sourcecode.swift; path = CoreServices/ReportGenerationService.swift; sourceTree = "<group>";};
		A3E7A7F13FCA4267C6A851AC /* CoreServices/TrainingLoadAnalyzer.swift */ = {isa = PBXFileReference; lastKnownFileType = sourcecode.swift; path = CoreServices/TrainingLoadAnalyzer.swift; sourceTree = "<group>";};
		D450A9DC4A838BA6C69F6460 /* CoreServices/AI/AIRequestCoordinator.swift */ = {isa = PBXFileReference; lastKnownFileType = sourcecode.swift; path = CoreServices/AI/AIRequestCoordinator.swift; sourceTree = "<group>";};
		73E445FBCCC560804459752B /* CoreServices/AI/AISkillLoader.swift */ = {isa = PBXFileReference; lastKnownFileType = sourcecode.swift; path = CoreServices/AI/AISkillLoader.swift; sourceTree = "<group>";};
		F511EBAC4895866F35671D73 /* CoreSync/MacSyncReceiver.swift */ = {isa = PBXFileReference; lastKnownFileType = sourcecode.swift; path = CoreSync/MacSyncReceiver.swift; sourceTree = "<group>";};
		A241D6D6CEB8A239A8D2D06E /* CoreSync/SyncMessageDecoder.swift */ = {isa = PBXFileReference; lastKnownFileType = sourcecode.swift; path = CoreSync/SyncMessageDecoder.swift; sourceTree = "<group>";};
		8E2168A0AA8908D3EE60BB6C /* CoreSync/SyncSessionManager.swift */ = {isa = PBXFileReference; lastKnownFileType = sourcecode.swift; path = CoreSync/SyncSessionManager.swift; sourceTree = "<group>";};
		8EBE9F45664EB12CBF3B5C33 /* CoreModels/AIResponseModels.swift */ = {isa = PBXFileReference; lastKnownFileType = sourcecode.swift; path = CoreModels/AIResponseModels.swift; sourceTree = "<group>";};
		F5380DE52EC10E5BF03F0ADA /* CoreModels/SwiftDataModels.swift */ = {isa = PBXFileReference; lastKnownFileType = sourcecode.swift; path = CoreModels/SwiftDataModels.swift; sourceTree = "<group>";};
		7B88ABF4A8CE24222EBE08E2 /* Data/ChatSessionStore.swift */ = {isa = PBXFileReference; lastKnownFileType = sourcecode.swift; path = Data/ChatSessionStore.swift; sourceTree = "<group>";};
		C07DD2C2C500EEF105DC89F9 /* Data/MacHealthStore.swift */ = {isa = PBXFileReference; lastKnownFileType = sourcecode.swift; path = Data/MacHealthStore.swift; sourceTree = "<group>";};
		59D01138EEC66F08EDB4656C /* Data/MockHealthDataProvider.swift */ = {isa = PBXFileReference; lastKnownFileType = sourcecode.swift; path = Data/MockHealthDataProvider.swift; sourceTree = "<group>";};
		70A40E27C9BE42F969243B68 /* Views/RootView.swift */ = {isa = PBXFileReference; lastKnownFileType = sourcecode.swift; path = Views/RootView.swift; sourceTree = "<group>";};
		F3D25F83616682C885A27870 /* Views/SidebarView.swift */ = {isa = PBXFileReference; lastKnownFileType = sourcecode.swift; path = Views/SidebarView.swift; sourceTree = "<group>";};
		DC72DF36F47BCFEF4E8286D8 /* Views/Settings/AISettingsView.swift */ = {isa = PBXFileReference; lastKnownFileType = sourcecode.swift; path = Views/Settings/AISettingsView.swift; sourceTree = "<group>";};
		F32233948A58B63FB8C9FEE3 /* Views/Settings/DataSettingsView.swift */ = {isa = PBXFileReference; lastKnownFileType = sourcecode.swift; path = Views/Settings/DataSettingsView.swift; sourceTree = "<group>";};
		7E0DFB8A41781FD3A073C8A3 /* Views/Settings/PrivacySettingsView.swift */ = {isa = PBXFileReference; lastKnownFileType = sourcecode.swift; path = Views/Settings/PrivacySettingsView.swift; sourceTree = "<group>";};
		80C3E352B0B859E91DE2E792 /* Views/Settings/SettingsView.swift */ = {isa = PBXFileReference; lastKnownFileType = sourcecode.swift; path = Views/Settings/SettingsView.swift; sourceTree = "<group>";};
		99FA8C64B835E4B3D187F1B8 /* Views/Sleep/SleepRecoveryView.swift */ = {isa = PBXFileReference; lastKnownFileType = sourcecode.swift; path = Views/Sleep/SleepRecoveryView.swift; sourceTree = "<group>";};
		6A1C7281C33EA560C6BD9468 /* Views/Workouts/WorkoutDetailView.swift */ = {isa = PBXFileReference; lastKnownFileType = sourcecode.swift; path = Views/Workouts/WorkoutDetailView.swift; sourceTree = "<group>";};
		C7962BFA639A6059EB9B7AA4 /* Views/Workouts/WorkoutsView.swift */ = {isa = PBXFileReference; lastKnownFileType = sourcecode.swift; path = Views/Workouts/WorkoutsView.swift; sourceTree = "<group>";};
		86AE9D0D85E3C581C162C95B /* Views/Coach/AICoachView.swift */ = {isa = PBXFileReference; lastKnownFileType = sourcecode.swift; path = Views/Coach/AICoachView.swift; sourceTree = "<group>";};
		7F0B1113BD30B01AB146A4E0 /* Views/Coach/ChatMessageBubble.swift */ = {isa = PBXFileReference; lastKnownFileType = sourcecode.swift; path = Views/Coach/ChatMessageBubble.swift; sourceTree = "<group>";};
		20FFD9F8A42E03946886C4B8 /* Views/Coach/ContextPreviewView.swift */ = {isa = PBXFileReference; lastKnownFileType = sourcecode.swift; path = Views/Coach/ContextPreviewView.swift; sourceTree = "<group>";};
		DF4507062E280145D90E3510 /* Views/Alerts/AlertCard.swift */ = {isa = PBXFileReference; lastKnownFileType = sourcecode.swift; path = Views/Alerts/AlertCard.swift; sourceTree = "<group>";};
		664690A11E16752F06E2A4E4 /* Views/Alerts/AlertsView.swift */ = {isa = PBXFileReference; lastKnownFileType = sourcecode.swift; path = Views/Alerts/AlertsView.swift; sourceTree = "<group>";};
		822C0EB808040617773F079B /* Views/Dashboard/DashboardView.swift */ = {isa = PBXFileReference; lastKnownFileType = sourcecode.swift; path = Views/Dashboard/DashboardView.swift; sourceTree = "<group>";};
		FBD97CB005404F1B72E1726D /* Views/Dashboard/InsightCard.swift */ = {isa = PBXFileReference; lastKnownFileType = sourcecode.swift; path = Views/Dashboard/InsightCard.swift; sourceTree = "<group>";};
		AE7460AF5DBCC651202D4ACF /* Views/Dashboard/MetricCard.swift */ = {isa = PBXFileReference; lastKnownFileType = sourcecode.swift; path = Views/Dashboard/MetricCard.swift; sourceTree = "<group>";};
		625355B738C06B7C1D81A306 /* Views/Profile/ProfileView.swift */ = {isa = PBXFileReference; lastKnownFileType = sourcecode.swift; path = Views/Profile/ProfileView.swift; sourceTree = "<group>";};
		8FE7815B1E5B18A9495205B6 /* Views/Trends/TrendChartCard.swift */ = {isa = PBXFileReference; lastKnownFileType = sourcecode.swift; path = Views/Trends/TrendChartCard.swift; sourceTree = "<group>";};
		F5869730BC9442E0061F22AB /* Views/Trends/TrendsView.swift */ = {isa = PBXFileReference; lastKnownFileType = sourcecode.swift; path = Views/Trends/TrendsView.swift; sourceTree = "<group>";};
		F02A68705DB586DE30645B6F /* Views/LiveMonitor/LiveHeartRateCard.swift */ = {isa = PBXFileReference; lastKnownFileType = sourcecode.swift; path = Views/LiveMonitor/LiveHeartRateCard.swift; sourceTree = "<group>";};
		02C5CC7EC7A3425CF1AB37A0 /* Views/LiveMonitor/LiveMonitorView.swift */ = {isa = PBXFileReference; lastKnownFileType = sourcecode.swift; path = Views/LiveMonitor/LiveMonitorView.swift; sourceTree = "<group>";};
		2FB3ACE1DDA25CF7B58328FD /* Views/LiveMonitor/LiveStatusRing.swift */ = {isa = PBXFileReference; lastKnownFileType = sourcecode.swift; path = Views/LiveMonitor/LiveStatusRing.swift; sourceTree = "<group>";};
		9602E812DF276007BECE1064 /* Views/Import/ImportDropZone.swift */ = {isa = PBXFileReference; lastKnownFileType = sourcecode.swift; path = Views/Import/ImportDropZone.swift; sourceTree = "<group>";};
		B18B56C23ECF85D3FBECB020 /* Views/Import/ImportView.swift */ = {isa = PBXFileReference; lastKnownFileType = sourcecode.swift; path = Views/Import/ImportView.swift; sourceTree = "<group>";};
		E0114C654B220E05CADB794B /* Views/Reports/ReportDetailView.swift */ = {isa = PBXFileReference; lastKnownFileType = sourcecode.swift; path = Views/Reports/ReportDetailView.swift; sourceTree = "<group>";};
		032EE7137090F42C7F2310AA /* Views/Reports/ReportsView.swift */ = {isa = PBXFileReference; lastKnownFileType = sourcecode.swift; path = Views/Reports/ReportsView.swift; sourceTree = "<group>";};
		EB7144A5D995AC168794DAE2 /* Services/BackgroundAnalysisScheduler.swift */ = {isa = PBXFileReference; lastKnownFileType = sourcecode.swift; path = Services/BackgroundAnalysisScheduler.swift; sourceTree = "<group>";};
		9CC494A87FB3F7D852590223 /* Services/NotificationService.swift */ = {isa = PBXFileReference; lastKnownFileType = sourcecode.swift; path = Services/NotificationService.swift; sourceTree = "<group>";};
		E938F89C969816D61BAF3B0B /* AppleHealthExportParserTests.swift */ = {isa = PBXFileReference; lastKnownFileType = sourcecode.swift; path = AppleHealthExportParserTests.swift; sourceTree = "<group>";};
		9841C2033175D78A200BF3B5 /* DailySummaryBuilderTests.swift */ = {isa = PBXFileReference; lastKnownFileType = sourcecode.swift; path = DailySummaryBuilderTests.swift; sourceTree = "<group>";};
		7A28C3C60B872F6EE467B702 /* DeepSeekClientTests.swift */ = {isa = PBXFileReference; lastKnownFileType = sourcecode.swift; path = DeepSeekClientTests.swift; sourceTree = "<group>";};
		D1E8ED3603852847779BB709 /* HealthContextBuilderTests.swift */ = {isa = PBXFileReference; lastKnownFileType = sourcecode.swift; path = HealthContextBuilderTests.swift; sourceTree = "<group>";};
		EB7C6E8A216C87D4D3FCA9E4 /* HealthPromptBuilderTests.swift */ = {isa = PBXFileReference; lastKnownFileType = sourcecode.swift; path = HealthPromptBuilderTests.swift; sourceTree = "<group>";};
		48F11210C707C9B1E9F06CBF /* HealthSafetyGuardTests.swift */ = {isa = PBXFileReference; lastKnownFileType = sourcecode.swift; path = HealthSafetyGuardTests.swift; sourceTree = "<group>";};
		6AEEF819390E6E25480E573B /* RecoveryAnalyzerTests.swift */ = {isa = PBXFileReference; lastKnownFileType = sourcecode.swift; path = RecoveryAnalyzerTests.swift; sourceTree = "<group>";};
		1A9189F5C6DB258446C9DD30 /* SovereignMacTests.swift */ = {isa = PBXFileReference; lastKnownFileType = sourcecode.swift; path = SovereignMacTests.swift; sourceTree = "<group>";};
		FEB95CE03B6AAD371B9A473B /* TrainingLoadAnalyzerTests.swift */ = {isa = PBXFileReference; lastKnownFileType = sourcecode.swift; path = TrainingLoadAnalyzerTests.swift; sourceTree = "<group>";};
		37693CFC748049E45D87B8C7 /* Info.plist */ = {isa = PBXFileReference; lastKnownFileType = text.plist.xml; path = Info.plist; sourceTree = "<group>";};
		1FF1DE774005F8DA13F42943 /* SovereignMac.entitlements */ = {isa = PBXFileReference; lastKnownFileType = text.plist.entitlements; path = SovereignMac.entitlements; sourceTree = "<group>";};
		1679091C5A880FAF6FB5E608 /* Sovereign.app */ = {isa = PBXFileReference; explicitFileType = wrapper.application; includeInIndex = 0; path = Sovereign.app; sourceTree = BUILT_PRODUCTS_DIR;};
		8F14E45FCEEA167A5A36DEDD /* SovereignMacTests.xctest */ = {isa = PBXFileReference; explicitFileType = wrapper.cfbundle; includeInIndex = 0; path = SovereignMacTests.xctest; sourceTree = BUILT_PRODUCTS_DIR;};
/* End PBXFileReference section */

/* Begin PBXBuildFile section */
		71AEC8F413338D6CBE433628 = {isa = PBXBuildFile; fileRef = FBDD8C4219398527AA94B03C;};
		FB9A5D3ED3A172B6D6413C0B = {isa = PBXBuildFile; fileRef = 94CAA548E93BCD9D475B77FA;};
		5689C0A3909C0AE89D6B4DDA = {isa = PBXBuildFile; fileRef = 4C4C61E90E4F0A6997E2FA5D;};
		3B3FC2602DB9E0147EB098D0 = {isa = PBXBuildFile; fileRef = 23BD9804A4D94328015677E1;};
		E2DC0D4C9CD98ACB6DD1BC88 = {isa = PBXBuildFile; fileRef = C12F3443B6E45F32ED50C84A;};
		25C0A2773232DB5E35BF7593 = {isa = PBXBuildFile; fileRef = C4FEB0B11DBC43195A7C55A3;};
		A6478D17DC7F01A11B96526B = {isa = PBXBuildFile; fileRef = 9DB9E0AA26CA1FDC4DAB9021;};
		DB12E2CD26BE468120A7387B = {isa = PBXBuildFile; fileRef = 7397BA52CC99545B92A1D46A;};
		9341AB6D26827FB226C872F3 = {isa = PBXBuildFile; fileRef = A8962C5E2B78B64EE6A45768;};
		84A8F7B01FB18985CCCE43FB = {isa = PBXBuildFile; fileRef = 56B4981CD036EF502C3EACA2;};
		5241383D49139F4A83DD9ED7 = {isa = PBXBuildFile; fileRef = 7AAF414A39AECA53BDB2F23C;};
		AD36FA8564CEEF66A7547697 = {isa = PBXBuildFile; fileRef = AE9F17C41FB4A745D6A06ED1;};
		E1E65CAF0B2E519BA1B363AB = {isa = PBXBuildFile; fileRef = 9016FC316341C673DF3D6190;};
		F8133A8C2ADD3FDE9FB5E16D = {isa = PBXBuildFile; fileRef = 1CB218614AB61B1FFBBA54A2;};
		0B80DEC33F43DED8619CEC23 = {isa = PBXBuildFile; fileRef = 55D66F589EEBC59AD3B47858;};
		BBF51629CD63416BB1281648 = {isa = PBXBuildFile; fileRef = D89D50B21B94362011293069;};
		84E7767BBDC1C02BA04F6156 = {isa = PBXBuildFile; fileRef = 0594558865C417090C6C64E9;};
		0053618F95ECF6E647880720 = {isa = PBXBuildFile; fileRef = BACA96C22FF07A2E93A873A2;};
		BD2CC05058A1E178E59193D7 = {isa = PBXBuildFile; fileRef = F425E10BFCA58257D493FA05;};
		3B970D85976523D4FBEADEAF = {isa = PBXBuildFile; fileRef = 067E8E679CFA8C48BBB8338A;};
		B988D6EB8B3EBDCC3FA1F256 = {isa = PBXBuildFile; fileRef = 8E9BD89DD50D8451D04DEE20;};
		ED2A46BA2B0F8D72BFDB6854 = {isa = PBXBuildFile; fileRef = CCDC0BCC8DF727C0A2E277FC;};
		9E79508C96CAE8ED5C4D9694 = {isa = PBXBuildFile; fileRef = 8FC93F90119A8407BB563F29;};
		137C49989ECB62363EEA0741 = {isa = PBXBuildFile; fileRef = 0A4FB4F90547EEF26F513231;};
		5B3A19CBDA5F366236476AC2 = {isa = PBXBuildFile; fileRef = A3E7A7F13FCA4267C6A851AC;};
		8662C8A13A48B8934DDD590E = {isa = PBXBuildFile; fileRef = D450A9DC4A838BA6C69F6460;};
		C50154B1F8E10693EC6CBE7A = {isa = PBXBuildFile; fileRef = 73E445FBCCC560804459752B;};
		F723BD3E2C937DA263CB111E = {isa = PBXBuildFile; fileRef = F511EBAC4895866F35671D73;};
		2606FB9110A1006226BE64AA = {isa = PBXBuildFile; fileRef = A241D6D6CEB8A239A8D2D06E;};
		3FAF5C59BE949A005410D882 = {isa = PBXBuildFile; fileRef = 8E2168A0AA8908D3EE60BB6C;};
		EBABB9E46DCE50D80B0DD2F9 = {isa = PBXBuildFile; fileRef = 8EBE9F45664EB12CBF3B5C33;};
		DC6816FEEB022A8773B1C375 = {isa = PBXBuildFile; fileRef = F5380DE52EC10E5BF03F0ADA;};
		D37A9BCD7EC17403486881DD = {isa = PBXBuildFile; fileRef = 7B88ABF4A8CE24222EBE08E2;};
		68BFC2E2D73FF355EEF183CB = {isa = PBXBuildFile; fileRef = C07DD2C2C500EEF105DC89F9;};
		6952F897C11A2280CB5A3F45 = {isa = PBXBuildFile; fileRef = 59D01138EEC66F08EDB4656C;};
		8997DB10C0CE511F495C37F6 = {isa = PBXBuildFile; fileRef = 70A40E27C9BE42F969243B68;};
		A8F84CA90FA08E4EC2B59C5F = {isa = PBXBuildFile; fileRef = F3D25F83616682C885A27870;};
		01AF97E533019C3121D192B1 = {isa = PBXBuildFile; fileRef = DC72DF36F47BCFEF4E8286D8;};
		FF021A40EE332FBCFBDAAD55 = {isa = PBXBuildFile; fileRef = F32233948A58B63FB8C9FEE3;};
		06C4F174733658196154A9E3 = {isa = PBXBuildFile; fileRef = 7E0DFB8A41781FD3A073C8A3;};
		2C884C0E2984D59FF0EA04E1 = {isa = PBXBuildFile; fileRef = 80C3E352B0B859E91DE2E792;};
		1939B2FFB366623252639AA5 = {isa = PBXBuildFile; fileRef = 99FA8C64B835E4B3D187F1B8;};
		B0A2EFF465CBF0DAB5C7D2C1 = {isa = PBXBuildFile; fileRef = 6A1C7281C33EA560C6BD9468;};
		49527468B0B632BBCFCEF41C = {isa = PBXBuildFile; fileRef = C7962BFA639A6059EB9B7AA4;};
		701F2014D7A5D55734540EC5 = {isa = PBXBuildFile; fileRef = 86AE9D0D85E3C581C162C95B;};
		8341C235A9DDE42A35AEB188 = {isa = PBXBuildFile; fileRef = 7F0B1113BD30B01AB146A4E0;};
		CC8B245C944862C662DACFC0 = {isa = PBXBuildFile; fileRef = 20FFD9F8A42E03946886C4B8;};
		2C0BD7AA045A74AF9528C5DA = {isa = PBXBuildFile; fileRef = DF4507062E280145D90E3510;};
		635C5128EFD3FA9A4A25ECAE = {isa = PBXBuildFile; fileRef = 664690A11E16752F06E2A4E4;};
		9AFEF45607B48946A854625B = {isa = PBXBuildFile; fileRef = 822C0EB808040617773F079B;};
		AD400DAA5E5CEA2A24D7B38D = {isa = PBXBuildFile; fileRef = FBD97CB005404F1B72E1726D;};
		146C14B79EC08FEE6B7B512C = {isa = PBXBuildFile; fileRef = AE7460AF5DBCC651202D4ACF;};
		CC6FAEB0534C4CD8A6690D2E = {isa = PBXBuildFile; fileRef = 625355B738C06B7C1D81A306;};
		4475DDE7C9CED164A1822AB4 = {isa = PBXBuildFile; fileRef = 8FE7815B1E5B18A9495205B6;};
		F8B3680A2D2B9E0380DE1FC3 = {isa = PBXBuildFile; fileRef = F5869730BC9442E0061F22AB;};
		328E7FC36A9D9DF658C8DFD0 = {isa = PBXBuildFile; fileRef = F02A68705DB586DE30645B6F;};
		B623BF54C74194088CC2FE72 = {isa = PBXBuildFile; fileRef = 02C5CC7EC7A3425CF1AB37A0;};
		0D7B8C33881FA7125DAB9E5B = {isa = PBXBuildFile; fileRef = 2FB3ACE1DDA25CF7B58328FD;};
		642EF145E2CD8CC005723C94 = {isa = PBXBuildFile; fileRef = 9602E812DF276007BECE1064;};
		811E5B6285F12E2C44A6C22F = {isa = PBXBuildFile; fileRef = B18B56C23ECF85D3FBECB020;};
		4A2B18F47B660C13D4E3AAF6 = {isa = PBXBuildFile; fileRef = E0114C654B220E05CADB794B;};
		52F66541DB22241E91F668F5 = {isa = PBXBuildFile; fileRef = 032EE7137090F42C7F2310AA;};
		F5F12E18A2136219FDFB1C50 = {isa = PBXBuildFile; fileRef = EB7144A5D995AC168794DAE2;};
		477A4FA939BDC18A13868557 = {isa = PBXBuildFile; fileRef = 9CC494A87FB3F7D852590223;};
		07D03E89A14A2922518401D3 = {isa = PBXBuildFile; fileRef = E938F89C969816D61BAF3B0B;};
		EB072C88A9F9FD9AFD92DDB9 = {isa = PBXBuildFile; fileRef = 9841C2033175D78A200BF3B5;};
		03D2BDD0C3613A3EE9144CA4 = {isa = PBXBuildFile; fileRef = 7A28C3C60B872F6EE467B702;};
		FC215CE03161E0F07F353CE1 = {isa = PBXBuildFile; fileRef = D1E8ED3603852847779BB709;};
		DA288B60EA4DB234CAA335F9 = {isa = PBXBuildFile; fileRef = EB7C6E8A216C87D4D3FCA9E4;};
		176734786D58FF4F46F9D40E = {isa = PBXBuildFile; fileRef = 48F11210C707C9B1E9F06CBF;};
		8B3AA152AB1DBBC49F3F34D9 = {isa = PBXBuildFile; fileRef = 6AEEF819390E6E25480E573B;};
		93FC7E83AE7EB2402BF344A9 = {isa = PBXBuildFile; fileRef = 1A9189F5C6DB258446C9DD30;};
		5ACADAA191B9B83D0DB910B8 = {isa = PBXBuildFile; fileRef = FEB95CE03B6AAD371B9A473B;};
/* End PBXBuildFile section */

/* Begin PBXGroup section */
		34173CB38F07F89DDBEBC2AC = {isa = PBXGroup; children = (94CAA548E93BCD9D475B77FA, 4C4C61E90E4F0A6997E2FA5D, 23BD9804A4D94328015677E1, C12F3443B6E45F32ED50C84A, C4FEB0B11DBC43195A7C55A3, 9DB9E0AA26CA1FDC4DAB9021); sourceTree = "<group>"; name = CoreImport;};
		C16A5320FA475530D9583C34 = {isa = PBXGroup; children = (7397BA52CC99545B92A1D46A, A8962C5E2B78B64EE6A45768, 56B4981CD036EF502C3EACA2, 7AAF414A39AECA53BDB2F23C, AE9F17C41FB4A745D6A06ED1, 9016FC316341C673DF3D6190); sourceTree = "<group>"; name = DesignSystem;};
		182BE0C5CDCD5072BB1864CD = {isa = PBXGroup; children = (D450A9DC4A838BA6C69F6460, 73E445FBCCC560804459752B); sourceTree = "<group>"; name = AI;};
		6364D3F0F495B6AB9DCF8D3B = {isa = PBXGroup; children = (1CB218614AB61B1FFBBA54A2, 55D66F589EEBC59AD3B47858, D89D50B21B94362011293069, 0594558865C417090C6C64E9, BACA96C22FF07A2E93A873A2, F425E10BFCA58257D493FA05, 067E8E679CFA8C48BBB8338A, 8E9BD89DD50D8451D04DEE20, CCDC0BCC8DF727C0A2E277FC, 8FC93F90119A8407BB563F29, 0A4FB4F90547EEF26F513231, A3E7A7F13FCA4267C6A851AC, 182BE0C5CDCD5072BB1864CD); sourceTree = "<group>"; name = CoreServices;};
		E369853DF766FA44E1ED0FF6 = {isa = PBXGroup; children = (F511EBAC4895866F35671D73, A241D6D6CEB8A239A8D2D06E, 8E2168A0AA8908D3EE60BB6C); sourceTree = "<group>"; name = CoreSync;};
		1C383CD30B7C298AB50293AD = {isa = PBXGroup; children = (8EBE9F45664EB12CBF3B5C33, F5380DE52EC10E5BF03F0ADA); sourceTree = "<group>"; name = CoreModels;};
		19CA14E7EA6328A42E0EB13D = {isa = PBXGroup; children = (7B88ABF4A8CE24222EBE08E2, C07DD2C2C500EEF105DC89F9, 59D01138EEC66F08EDB4656C); sourceTree = "<group>"; name = Data;};
		A5771BCE93E200C36F7CD9DF = {isa = PBXGroup; children = (DC72DF36F47BCFEF4E8286D8, F32233948A58B63FB8C9FEE3, 7E0DFB8A41781FD3A073C8A3, 80C3E352B0B859E91DE2E792); sourceTree = "<group>"; name = Settings;};
		D67D8AB4F4C10BF22AA353E2 = {isa = PBXGroup; children = (99FA8C64B835E4B3D187F1B8); sourceTree = "<group>"; name = Sleep;};
		D645920E395FEDAD7BBBED0E = {isa = PBXGroup; children = (6A1C7281C33EA560C6BD9468, C7962BFA639A6059EB9B7AA4); sourceTree = "<group>"; name = Workouts;};
		3416A75F4CEA9109507CACD8 = {isa = PBXGroup; children = (86AE9D0D85E3C581C162C95B, 7F0B1113BD30B01AB146A4E0, 20FFD9F8A42E03946886C4B8); sourceTree = "<group>"; name = Coach;};
		A1D0C6E83F027327D8461063 = {isa = PBXGroup; children = (DF4507062E280145D90E3510, 664690A11E16752F06E2A4E4); sourceTree = "<group>"; name = Alerts;};
		17E62166FC8586DFA4D1BC0E = {isa = PBXGroup; children = (822C0EB808040617773F079B, FBD97CB005404F1B72E1726D, AE7460AF5DBCC651202D4ACF); sourceTree = "<group>"; name = Dashboard;};
		F7177163C833DFF4B38FC8D2 = {isa = PBXGroup; children = (625355B738C06B7C1D81A306); sourceTree = "<group>"; name = Profile;};
		6C8349CC7260AE62E3B13968 = {isa = PBXGroup; children = (8FE7815B1E5B18A9495205B6, F5869730BC9442E0061F22AB); sourceTree = "<group>"; name = Trends;};
		D9D4F495E875A2E075A1A4A6 = {isa = PBXGroup; children = (F02A68705DB586DE30645B6F, 02C5CC7EC7A3425CF1AB37A0, 2FB3ACE1DDA25CF7B58328FD); sourceTree = "<group>"; name = LiveMonitor;};
		67C6A1E7CE56D3D6FA748AB6 = {isa = PBXGroup; children = (9602E812DF276007BECE1064, B18B56C23ECF85D3FBECB020); sourceTree = "<group>"; name = Import;};
		642E92EFB79421734881B53E = {isa = PBXGroup; children = (E0114C654B220E05CADB794B, 032EE7137090F42C7F2310AA); sourceTree = "<group>"; name = Reports;};
		A5BFC9E07964F8DDDEB95FC5 = {isa = PBXGroup; children = (70A40E27C9BE42F969243B68, F3D25F83616682C885A27870, A5771BCE93E200C36F7CD9DF, D67D8AB4F4C10BF22AA353E2, D645920E395FEDAD7BBBED0E, 3416A75F4CEA9109507CACD8, A1D0C6E83F027327D8461063, 17E62166FC8586DFA4D1BC0E, F7177163C833DFF4B38FC8D2, 6C8349CC7260AE62E3B13968, D9D4F495E875A2E075A1A4A6, 67C6A1E7CE56D3D6FA748AB6, 642E92EFB79421734881B53E); sourceTree = "<group>"; name = Views;};
		F457C545A9DED88F18ECEE47 = {isa = PBXGroup; children = (EB7144A5D995AC168794DAE2, 9CC494A87FB3F7D852590223); sourceTree = "<group>"; name = Services;};
		6EA9AB1BAA0EFB9E19094440 = {isa = PBXGroup; children = (FBDD8C4219398527AA94B03C, 34173CB38F07F89DDBEBC2AC, C16A5320FA475530D9583C34, 6364D3F0F495B6AB9DCF8D3B, E369853DF766FA44E1ED0FF6, 1C383CD30B7C298AB50293AD, 19CA14E7EA6328A42E0EB13D, A5BFC9E07964F8DDDEB95FC5, F457C545A9DED88F18ECEE47, 37693CFC748049E45D87B8C7, 1FF1DE774005F8DA13F42943); sourceTree = "<group>"; name = SovereignMac; path = Sources/SovereignMac;};
		C0C7C76D30BD3DCAEFC96F40 = {isa = PBXGroup; children = (E938F89C969816D61BAF3B0B, 9841C2033175D78A200BF3B5, 7A28C3C60B872F6EE467B702, D1E8ED3603852847779BB709, EB7C6E8A216C87D4D3FCA9E4, 48F11210C707C9B1E9F06CBF, 6AEEF819390E6E25480E573B, 1A9189F5C6DB258446C9DD30, FEB95CE03B6AAD371B9A473B); sourceTree = "<group>"; name = SovereignMacTests; path = Tests/SovereignMacTests;};
		ECCBC87E4B5CE2FE28308FD9 = {isa = PBXGroup; children = (1679091C5A880FAF6FB5E608, 8F14E45FCEEA167A5A36DEDD); name = Products; sourceTree = "<group>";};
		C81E728D9D4C2F636F067F89 = {isa = PBXGroup; children = (6EA9AB1BAA0EFB9E19094440, C0C7C76D30BD3DCAEFC96F40, ECCBC87E4B5CE2FE28308FD9); sourceTree = "<group>";};
/* End PBXGroup section */

/* Begin PBXSourcesBuildPhase section */
		C9F0F895FB98AB9159F51FD0 = {isa = PBXSourcesBuildPhase; buildActionMask = 2147483647; files = (71AEC8F413338D6CBE433628, FB9A5D3ED3A172B6D6413C0B, 5689C0A3909C0AE89D6B4DDA, 3B3FC2602DB9E0147EB098D0, E2DC0D4C9CD98ACB6DD1BC88, 25C0A2773232DB5E35BF7593, A6478D17DC7F01A11B96526B, DB12E2CD26BE468120A7387B, 9341AB6D26827FB226C872F3, 84A8F7B01FB18985CCCE43FB, 5241383D49139F4A83DD9ED7, AD36FA8564CEEF66A7547697, E1E65CAF0B2E519BA1B363AB, F8133A8C2ADD3FDE9FB5E16D, 0B80DEC33F43DED8619CEC23, BBF51629CD63416BB1281648, 84E7767BBDC1C02BA04F6156, 0053618F95ECF6E647880720, BD2CC05058A1E178E59193D7, 3B970D85976523D4FBEADEAF, B988D6EB8B3EBDCC3FA1F256, ED2A46BA2B0F8D72BFDB6854, 9E79508C96CAE8ED5C4D9694, 137C49989ECB62363EEA0741, 5B3A19CBDA5F366236476AC2, 8662C8A13A48B8934DDD590E, C50154B1F8E10693EC6CBE7A, F723BD3E2C937DA263CB111E, 2606FB9110A1006226BE64AA, 3FAF5C59BE949A005410D882, EBABB9E46DCE50D80B0DD2F9, DC6816FEEB022A8773B1C375, D37A9BCD7EC17403486881DD, 68BFC2E2D73FF355EEF183CB, 6952F897C11A2280CB5A3F45, 8997DB10C0CE511F495C37F6, A8F84CA90FA08E4EC2B59C5F, 01AF97E533019C3121D192B1, FF021A40EE332FBCFBDAAD55, 06C4F174733658196154A9E3, 2C884C0E2984D59FF0EA04E1, 1939B2FFB366623252639AA5, B0A2EFF465CBF0DAB5C7D2C1, 49527468B0B632BBCFCEF41C, 701F2014D7A5D55734540EC5, 8341C235A9DDE42A35AEB188, CC8B245C944862C662DACFC0, 2C0BD7AA045A74AF9528C5DA, 635C5128EFD3FA9A4A25ECAE, 9AFEF45607B48946A854625B, AD400DAA5E5CEA2A24D7B38D, 146C14B79EC08FEE6B7B512C, CC6FAEB0534C4CD8A6690D2E, 4475DDE7C9CED164A1822AB4, F8B3680A2D2B9E0380DE1FC3, 328E7FC36A9D9DF658C8DFD0, B623BF54C74194088CC2FE72, 0D7B8C33881FA7125DAB9E5B, 642EF145E2CD8CC005723C94, 811E5B6285F12E2C44A6C22F, 4A2B18F47B660C13D4E3AAF6, 52F66541DB22241E91F668F5, F5F12E18A2136219FDFB1C50, 477A4FA939BDC18A13868557); runOnlyForDeploymentPostprocessing = 0;};
		6512BD43D9CAA6E02C990B0A = {isa = PBXSourcesBuildPhase; buildActionMask = 2147483647; files = (07D03E89A14A2922518401D3, EB072C88A9F9FD9AFD92DDB9, 03D2BDD0C3613A3EE9144CA4, FC215CE03161E0F07F353CE1, DA288B60EA4DB234CAA335F9, 176734786D58FF4F46F9D40E, 8B3AA152AB1DBBC49F3F34D9, 93FC7E83AE7EB2402BF344A9, 5ACADAA191B9B83D0DB910B8); runOnlyForDeploymentPostprocessing = 0;};
/* End PBXSourcesBuildPhase section */

/* Begin PBXFrameworksBuildPhase section */
		45C48CCE2E2D7FBDEA1AFC51 = {isa = PBXFrameworksBuildPhase; buildActionMask = 2147483647; files = (); runOnlyForDeploymentPostprocessing = 0;};
		C20AD4D76FE97759AA27A0C9 = {isa = PBXFrameworksBuildPhase; buildActionMask = 2147483647; files = (); runOnlyForDeploymentPostprocessing = 0;};
/* End PBXFrameworksBuildPhase section */

/* Begin PBXResourcesBuildPhase section */
		D3D9446802A44259755D38E6 = {isa = PBXResourcesBuildPhase; buildActionMask = 2147483647; files = (); runOnlyForDeploymentPostprocessing = 0;};
		C51CE410C124A10E0DB5E4B9 = {isa = PBXResourcesBuildPhase; buildActionMask = 2147483647; files = (); runOnlyForDeploymentPostprocessing = 0;};
/* End PBXResourcesBuildPhase section */

/* Begin PBXContainerItemProxy section */
		33E75FF09DD601BBE69F3510 = {isa = PBXContainerItemProxy; containerPortal = C4CA4238A0B923820DCC509A; proxyType = 1; remoteGlobalIDString = A87FF679A2F3E71D9181A67B; remoteInfo = Sovereign;};
/* End PBXContainerItemProxy section */

/* Begin PBXTargetDependency section */
		02E74F10E0327AD868D138F2 = {isa = PBXTargetDependency; target = A87FF679A2F3E71D9181A67B; targetProxy = 33E75FF09DD601BBE69F3510;};
/* End PBXTargetDependency section */

/* Begin PBXNativeTarget section */
		A87FF679A2F3E71D9181A67B = {isa = PBXNativeTarget; buildConfigurationList = AAB3238922BCC25A6F606EB5; buildPhases = (C9F0F895FB98AB9159F51FD0, 45C48CCE2E2D7FBDEA1AFC51, D3D9446802A44259755D38E6); buildRules = (); dependencies = (); name = Sovereign; productName = Sovereign; productReference = 1679091C5A880FAF6FB5E608; productType = com.apple.product-type.application;};
		E4DA3B7FBBCE2345D7772B06 = {isa = PBXNativeTarget; buildConfigurationList = 9BF31C7FF062936A96D3C8BD; buildPhases = (6512BD43D9CAA6E02C990B0A, C20AD4D76FE97759AA27A0C9, C51CE410C124A10E0DB5E4B9); buildRules = (); dependencies = (02E74F10E0327AD868D138F2); name = SovereignMacTests; productName = SovereignMacTests; productReference = 8F14E45FCEEA167A5A36DEDD; productType = com.apple.product-type.bundle.unit-test;};
/* End PBXNativeTarget section */

/* Begin XCConfigurationList section */
		AAB3238922BCC25A6F606EB5 = {isa = XCConfigurationList; buildConfigurations = (70EFDF2EC9B086079795C442, 6F4922F45568161A8CDF4AD2); defaultConfigurationIsVisible = 0; defaultConfigurationName = Release;};
		9BF31C7FF062936A96D3C8BD = {isa = XCConfigurationList; buildConfigurations = (1F0E3DAD99908345F7439F8F, 98F13708210194C475687BE6); defaultConfigurationIsVisible = 0; defaultConfigurationName = Release;};
		C74D97B01EAE257E44AA9D5B = {isa = XCConfigurationList; buildConfigurations = (3C59DC048E8850243BE8079A, B6D767D2F8ED5D21A44B0E58); defaultConfigurationIsVisible = 0; defaultConfigurationName = Release;};
/* End XCConfigurationList section */

/* Begin XCBuildConfiguration section */
		70EFDF2EC9B086079795C442 = {isa = XCBuildConfiguration; buildSettings = {ALWAYS_SEARCH_USER_PATHS = NO; ASSETCATALOG_COMPILER_GENERATE_SWIFT_ASSET_SYMBOL_EXTENSIONS = YES; CLANG_ANALYZER_NONNULL = YES; CLANG_CXX_LANGUAGE_STANDARD = "gnu++20"; CLANG_ENABLE_MODULES = YES; CLANG_ENABLE_OBJC_ARC = YES; CODE_SIGN_ENTITLEMENTS = Sources/SovereignMac/SovereignMac.entitlements; CODE_SIGN_STYLE = Automatic; COMBINE_HIDPI_IMAGES = YES; CURRENT_PROJECT_VERSION = 1; DEVELOPMENT_TEAM = ""; ENABLE_PREVIEWS = YES; GENERATE_INFOPLIST_FILE = YES; INFOPLIST_FILE = Sources/SovereignMac/Info.plist; INFOPLIST_KEY_LSUIElement = YES; INFOPLIST_KEY_NSHumanReadableCopyright = ""; LD_RUNPATH_SEARCH_PATHS = "$(inherited) @executable_path/../Frameworks"; MARKETING_VERSION = 1.0; PRODUCT_BUNDLE_IDENTIFIER = com.kylaan.sovereign; PRODUCT_NAME = Sovereign; SWIFT_EMIT_LOC_STRINGS = YES; SWIFT_VERSION = 5.0; DEBUG_INFORMATION_FORMAT = dwarf; ENABLE_TESTABILITY = YES; GCC_OPTIMIZATION_LEVEL = 0; ONLY_ACTIVE_ARCH = YES; SWIFT_ACTIVE_COMPILATION_CONDITIONS = DEBUG; SWIFT_OPTIMIZATION_LEVEL = -Onone;}; name = Debug;};
		6F4922F45568161A8CDF4AD2 = {isa = XCBuildConfiguration; buildSettings = {ALWAYS_SEARCH_USER_PATHS = NO; ASSETCATALOG_COMPILER_GENERATE_SWIFT_ASSET_SYMBOL_EXTENSIONS = YES; CLANG_ANALYZER_NONNULL = YES; CLANG_CXX_LANGUAGE_STANDARD = "gnu++20"; CLANG_ENABLE_MODULES = YES; CLANG_ENABLE_OBJC_ARC = YES; CODE_SIGN_ENTITLEMENTS = Sources/SovereignMac/SovereignMac.entitlements; CODE_SIGN_STYLE = Automatic; COMBINE_HIDPI_IMAGES = YES; CURRENT_PROJECT_VERSION = 1; DEVELOPMENT_TEAM = ""; ENABLE_PREVIEWS = YES; GENERATE_INFOPLIST_FILE = YES; INFOPLIST_FILE = Sources/SovereignMac/Info.plist; INFOPLIST_KEY_LSUIElement = YES; INFOPLIST_KEY_NSHumanReadableCopyright = ""; LD_RUNPATH_SEARCH_PATHS = "$(inherited) @executable_path/../Frameworks"; MARKETING_VERSION = 1.0; PRODUCT_BUNDLE_IDENTIFIER = com.kylaan.sovereign; PRODUCT_NAME = Sovereign; SWIFT_EMIT_LOC_STRINGS = YES; SWIFT_VERSION = 5.0; DEBUG_INFORMATION_FORMAT = dwarf-with-dsym; ENABLE_NS_ASSERTIONS = NO; SWIFT_COMPILATION_MODE = wholemodule; SWIFT_OPTIMIZATION_LEVEL = -O;}; name = Release;};
		1F0E3DAD99908345F7439F8F = {isa = XCBuildConfiguration; buildSettings = {ALWAYS_SEARCH_USER_PATHS = NO; CLANG_CXX_LANGUAGE_STANDARD = "gnu++20"; CODE_SIGN_STYLE = Automatic; GENERATE_INFOPLIST_FILE = YES; PRODUCT_BUNDLE_IDENTIFIER = com.kylaan.sovereign.tests; PRODUCT_NAME = "$(TARGET_NAME)"; SWIFT_EMIT_LOC_STRINGS = NO; SWIFT_VERSION = 5.0; BUNDLE_LOADER = "$(TEST_HOST)"; DEBUG_INFORMATION_FORMAT = dwarf; ENABLE_TESTABILITY = YES; GCC_OPTIMIZATION_LEVEL = 0; ONLY_ACTIVE_ARCH = YES; SWIFT_ACTIVE_COMPILATION_CONDITIONS = DEBUG; SWIFT_OPTIMIZATION_LEVEL = -Onone; TEST_HOST = "$(BUILT_PRODUCTS_DIR)/Sovereign.app/Contents/MacOS/Sovereign";}; name = Debug;};
		98F13708210194C475687BE6 = {isa = XCBuildConfiguration; buildSettings = {ALWAYS_SEARCH_USER_PATHS = NO; CLANG_CXX_LANGUAGE_STANDARD = "gnu++20"; CODE_SIGN_STYLE = Automatic; GENERATE_INFOPLIST_FILE = YES; PRODUCT_BUNDLE_IDENTIFIER = com.kylaan.sovereign.tests; PRODUCT_NAME = "$(TARGET_NAME)"; SWIFT_EMIT_LOC_STRINGS = NO; SWIFT_VERSION = 5.0; BUNDLE_LOADER = "$(TEST_HOST)"; DEBUG_INFORMATION_FORMAT = dwarf-with-dsym; ENABLE_NS_ASSERTIONS = NO; SWIFT_COMPILATION_MODE = wholemodule; SWIFT_OPTIMIZATION_LEVEL = -O; TEST_HOST = "$(BUILT_PRODUCTS_DIR)/Sovereign.app/Contents/MacOS/Sovereign";}; name = Release;};
		3C59DC048E8850243BE8079A = {isa = XCBuildConfiguration; buildSettings = {ALWAYS_SEARCH_USER_PATHS = NO; CLANG_CXX_LANGUAGE_STANDARD = "gnu++20"; CLANG_ENABLE_OBJC_ARC = YES; ENABLE_USER_SCRIPT_SANDBOXING = NO; MACOSX_DEPLOYMENT_TARGET = 14.0; SDKROOT = macosx; SWIFT_VERSION = 5.0;}; name = Debug;};
		B6D767D2F8ED5D21A44B0E58 = {isa = XCBuildConfiguration; buildSettings = {ALWAYS_SEARCH_USER_PATHS = NO; CLANG_CXX_LANGUAGE_STANDARD = "gnu++20"; CLANG_ENABLE_OBJC_ARC = YES; ENABLE_USER_SCRIPT_SANDBOXING = NO; MACOSX_DEPLOYMENT_TARGET = 14.0; SDKROOT = macosx; SWIFT_VERSION = 5.0;}; name = Release;};
/* End XCBuildConfiguration section */

/* Begin PBXProject section */
		C4CA4238A0B923820DCC509A = {isa = PBXProject; attributes = {BuildIndependentTargetsInParallel = YES; LastSwiftUpdateCheck = 1620; LastUpgradeCheck = 1620; TargetAttributes = {A87FF679A2F3E71D9181A67B = {CreatedOnToolsVersion = 16.2;}; E4DA3B7FBBCE2345D7772B06 = {CreatedOnToolsVersion = 16.2; TestTargetID = A87FF679A2F3E71D9181A67B;};};}; buildConfigurationList = C74D97B01EAE257E44AA9D5B; compatibilityVersion = "Xcode 15.0"; developmentRegion = en; hasScannedForEncodings = 0; knownRegions = (en, Base, zh-Hans); mainGroup = C81E728D9D4C2F636F067F89; productRefGroup = ECCBC87E4B5CE2FE28308FD9; projectDirPath = ""; projectRoot = ""; targets = (A87FF679A2F3E71D9181A67B, E4DA3B7FBBCE2345D7772B06);};
/* End PBXProject section */

	};
	rootObject = C4CA4238A0B923820DCC509A /* Project object */;
}
